// !$*UTF8*$!
{
	archiveVersion = 1;
	classes = {
	};
	objectVersion = 46;
	objects = {

/* Begin PBXBuildFile section */
		0C75752D1979D881000A216D /* UIImage+Resize.m in Sources */ = {isa = PBXBuildFile; fileRef = 0C75752C1979D881000A216D /* UIImage+Resize.m */; };
		0C7575301979DC76000A216D /* UIImage+Alpha.m in Sources */ = {isa = PBXBuildFile; fileRef = 0C75752F1979DC76000A216D /* UIImage+Alpha.m */; };
		0C7575331979DCBE000A216D /* UIImage+RoundedCorner.m in Sources */ = {isa = PBXBuildFile; fileRef = 0C7575321979DCBE000A216D /* UIImage+RoundedCorner.m */; };
		0C757536197D9198000A216D /* JBISourcePicker.m in Sources */ = {isa = PBXBuildFile; fileRef = 0C757535197D9198000A216D /* JBISourcePicker.m */; };
		0CC5EAFD1974769000503E68 /* Foundation.framework in Frameworks */ = {isa = PBXBuildFile; fileRef = 0CC5EAFC1974769000503E68 /* Foundation.framework */; };
		0CC5EAFF1974769000503E68 /* CoreGraphics.framework in Frameworks */ = {isa = PBXBuildFile; fileRef = 0CC5EAFE1974769000503E68 /* CoreGraphics.framework */; };
		0CC5EB011974769000503E68 /* UIKit.framework in Frameworks */ = {isa = PBXBuildFile; fileRef = 0CC5EB001974769000503E68 /* UIKit.framework */; };
		0CC5EB071974769100503E68 /* InfoPlist.strings in Resources */ = {isa = PBXBuildFile; fileRef = 0CC5EB051974769100503E68 /* InfoPlist.strings */; };
		0CC5EB091974769100503E68 /* main.m in Sources */ = {isa = PBXBuildFile; fileRef = 0CC5EB081974769100503E68 /* main.m */; };
		0CC5EB0D1974769100503E68 /* JBIAppDelegate.m in Sources */ = {isa = PBXBuildFile; fileRef = 0CC5EB0C1974769100503E68 /* JBIAppDelegate.m */; };
		0CC5EB101974769100503E68 /* Main.storyboard in Resources */ = {isa = PBXBuildFile; fileRef = 0CC5EB0E1974769100503E68 /* Main.storyboard */; };
		0CC5EB131974769100503E68 /* JBIViewController.m in Sources */ = {isa = PBXBuildFile; fileRef = 0CC5EB121974769100503E68 /* JBIViewController.m */; };
		0CC5EB151974769100503E68 /* Images.xcassets in Resources */ = {isa = PBXBuildFile; fileRef = 0CC5EB141974769100503E68 /* Images.xcassets */; };
		0CC5EB1C1974769100503E68 /* XCTest.framework in Frameworks */ = {isa = PBXBuildFile; fileRef = 0CC5EB1B1974769100503E68 /* XCTest.framework */; };
		0CC5EB1D1974769100503E68 /* Foundation.framework in Frameworks */ = {isa = PBXBuildFile; fileRef = 0CC5EAFC1974769000503E68 /* Foundation.framework */; };
		0CC5EB1E1974769100503E68 /* UIKit.framework in Frameworks */ = {isa = PBXBuildFile; fileRef = 0CC5EB001974769000503E68 /* UIKit.framework */; };
		0CC5EB261974769100503E68 /* InfoPlist.strings in Resources */ = {isa = PBXBuildFile; fileRef = 0CC5EB241974769100503E68 /* InfoPlist.strings */; };
		0CC5EB281974769100503E68 /* ImagePickerTestTests.m in Sources */ = {isa = PBXBuildFile; fileRef = 0CC5EB271974769100503E68 /* ImagePickerTestTests.m */; };
		0CC5EB32197480D300503E68 /* AssetsLibrary.framework in Frameworks */ = {isa = PBXBuildFile; fileRef = 0CC5EB31197480D300503E68 /* AssetsLibrary.framework */; };
		0CC5EB35197486D700503E68 /* JBIPhotoCell.m in Sources */ = {isa = PBXBuildFile; fileRef = 0CC5EB34197486D700503E68 /* JBIPhotoCell.m */; };
		0CDFC9C319784DAE007C4EA8 /* JBICollectionViewLayout.m in Sources */ = {isa = PBXBuildFile; fileRef = 0CDFC9C219784DAE007C4EA8 /* JBICollectionViewLayout.m */; };
/* End PBXBuildFile section */

/* Begin PBXContainerItemProxy section */
		0CC5EB1F1974769100503E68 /* PBXContainerItemProxy */ = {
			isa = PBXContainerItemProxy;
			containerPortal = 0CC5EAF11974769000503E68 /* Project object */;
			proxyType = 1;
			remoteGlobalIDString = 0CC5EAF81974769000503E68;
			remoteInfo = ImagePickerTest;
		};
/* End PBXContainerItemProxy section */

/* Begin PBXFileReference section */
		0C75752B1979D881000A216D /* UIImage+Resize.h */ = {isa = PBXFileReference; fileEncoding = 4; lastKnownFileType = sourcecode.c.h; path = "UIImage+Resize.h"; sourceTree = "<group>"; };
		0C75752C1979D881000A216D /* UIImage+Resize.m */ = {isa = PBXFileReference; fileEncoding = 4; lastKnownFileType = sourcecode.c.objc; path = "UIImage+Resize.m"; sourceTree = "<group>"; };
		0C75752E1979DC76000A216D /* UIImage+Alpha.h */ = {isa = PBXFileReference; fileEncoding = 4; lastKnownFileType = sourcecode.c.h; path = "UIImage+Alpha.h"; sourceTree = "<group>"; };
		0C75752F1979DC76000A216D /* UIImage+Alpha.m */ = {isa = PBXFileReference; fileEncoding = 4; lastKnownFileType = sourcecode.c.objc; path = "UIImage+Alpha.m"; sourceTree = "<group>"; };
		0C7575311979DCBE000A216D /* UIImage+RoundedCorner.h */ = {isa = PBXFileReference; fileEncoding = 4; lastKnownFileType = sourcecode.c.h; path = "UIImage+RoundedCorner.h"; sourceTree = "<group>"; };
		0C7575321979DCBE000A216D /* UIImage+RoundedCorner.m */ = {isa = PBXFileReference; fileEncoding = 4; lastKnownFileType = sourcecode.c.objc; path = "UIImage+RoundedCorner.m"; sourceTree = "<group>"; };
		0C757534197D9198000A216D /* JBISourcePicker.h */ = {isa = PBXFileReference; fileEncoding = 4; lastKnownFileType = sourcecode.c.h; name = JBISourcePicker.h; path = ../JBISourcePicker.h; sourceTree = "<group>"; };
		0C757535197D9198000A216D /* JBISourcePicker.m */ = {isa = PBXFileReference; fileEncoding = 4; lastKnownFileType = sourcecode.c.objc; name = JBISourcePicker.m; path = ../JBISourcePicker.m; sourceTree = "<group>"; };
		0CC5EAF91974769000503E68 /* ImagePickerTest.app */ = {isa = PBXFileReference; explicitFileType = wrapper.application; includeInIndex = 0; path = ImagePickerTest.app; sourceTree = BUILT_PRODUCTS_DIR; };
		0CC5EAFC1974769000503E68 /* Foundation.framework */ = {isa = PBXFileReference; lastKnownFileType = wrapper.framework; name = Foundation.framework; path = System/Library/Frameworks/Foundation.framework; sourceTree = SDKROOT; };
		0CC5EAFE1974769000503E68 /* CoreGraphics.framework */ = {isa = PBXFileReference; lastKnownFileType = wrapper.framework; name = CoreGraphics.framework; path = System/Library/Frameworks/CoreGraphics.framework; sourceTree = SDKROOT; };
		0CC5EB001974769000503E68 /* UIKit.framework */ = {isa = PBXFileReference; lastKnownFileType = wrapper.framework; name = UIKit.framework; path = System/Library/Frameworks/UIKit.framework; sourceTree = SDKROOT; };
		0CC5EB041974769100503E68 /* ImagePickerTest-Info.plist */ = {isa = PBXFileReference; lastKnownFileType = text.plist.xml; path = "ImagePickerTest-Info.plist"; sourceTree = "<group>"; };
		0CC5EB061974769100503E68 /* en */ = {isa = PBXFileReference; lastKnownFileType = text.plist.strings; name = en; path = en.lproj/InfoPlist.strings; sourceTree = "<group>"; };
		0CC5EB081974769100503E68 /* main.m */ = {isa = PBXFileReference; lastKnownFileType = sourcecode.c.objc; path = main.m; sourceTree = "<group>"; };
		0CC5EB0A1974769100503E68 /* ImagePickerTest-Prefix.pch */ = {isa = PBXFileReference; lastKnownFileType = sourcecode.c.h; path = "ImagePickerTest-Prefix.pch"; sourceTree = "<group>"; };
		0CC5EB0B1974769100503E68 /* JBIAppDelegate.h */ = {isa = PBXFileReference; lastKnownFileType = sourcecode.c.h; path = JBIAppDelegate.h; sourceTree = "<group>"; };
		0CC5EB0C1974769100503E68 /* JBIAppDelegate.m */ = {isa = PBXFileReference; lastKnownFileType = sourcecode.c.objc; path = JBIAppDelegate.m; sourceTree = "<group>"; };
		0CC5EB0F1974769100503E68 /* Base */ = {isa = PBXFileReference; lastKnownFileType = file.storyboard; name = Base; path = Base.lproj/Main.storyboard; sourceTree = "<group>"; };
		0CC5EB111974769100503E68 /* JBIViewController.h */ = {isa = PBXFileReference; lastKnownFileType = sourcecode.c.h; path = JBIViewController.h; sourceTree = "<group>"; };
		0CC5EB121974769100503E68 /* JBIViewController.m */ = {isa = PBXFileReference; lastKnownFileType = sourcecode.c.objc; path = JBIViewController.m; sourceTree = "<group>"; };
		0CC5EB141974769100503E68 /* Images.xcassets */ = {isa = PBXFileReference; lastKnownFileType = folder.assetcatalog; path = Images.xcassets; sourceTree = "<group>"; };
		0CC5EB1A1974769100503E68 /* ImagePickerTestTests.xctest */ = {isa = PBXFileReference; explicitFileType = wrapper.cfbundle; includeInIndex = 0; path = ImagePickerTestTests.xctest; sourceTree = BUILT_PRODUCTS_DIR; };
		0CC5EB1B1974769100503E68 /* XCTest.framework */ = {isa = PBXFileReference; lastKnownFileType = wrapper.framework; name = XCTest.framework; path = Library/Frameworks/XCTest.framework; sourceTree = DEVELOPER_DIR; };
		0CC5EB231974769100503E68 /* ImagePickerTestTests-Info.plist */ = {isa = PBXFileReference; lastKnownFileType = text.plist.xml; path = "ImagePickerTestTests-Info.plist"; sourceTree = "<group>"; };
		0CC5EB251974769100503E68 /* en */ = {isa = PBXFileReference; lastKnownFileType = text.plist.strings; name = en; path = en.lproj/InfoPlist.strings; sourceTree = "<group>"; };
		0CC5EB271974769100503E68 /* ImagePickerTestTests.m */ = {isa = PBXFileReference; lastKnownFileType = sourcecode.c.objc; path = ImagePickerTestTests.m; sourceTree = "<group>"; };
		0CC5EB31197480D300503E68 /* AssetsLibrary.framework */ = {isa = PBXFileReference; lastKnownFileType = wrapper.framework; name = AssetsLibrary.framework; path = System/Library/Frameworks/AssetsLibrary.framework; sourceTree = SDKROOT; };
		0CC5EB33197486D700503E68 /* JBIPhotoCell.h */ = {isa = PBXFileReference; fileEncoding = 4; lastKnownFileType = sourcecode.c.h; path = JBIPhotoCell.h; sourceTree = "<group>"; };
		0CC5EB34197486D700503E68 /* JBIPhotoCell.m */ = {isa = PBXFileReference; fileEncoding = 4; lastKnownFileType = sourcecode.c.objc; path = JBIPhotoCell.m; sourceTree = "<group>"; };
		0CDFC9C119784DAE007C4EA8 /* JBICollectionViewLayout.h */ = {isa = PBXFileReference; fileEncoding = 4; lastKnownFileType = sourcecode.c.h; path = JBICollectionViewLayout.h; sourceTree = "<group>"; };
		0CDFC9C219784DAE007C4EA8 /* JBICollectionViewLayout.m */ = {isa = PBXFileReference; fileEncoding = 4; lastKnownFileType = sourcecode.c.objc; path = JBICollectionViewLayout.m; sourceTree = "<group>"; };
/* End PBXFileReference section */

/* Begin PBXFrameworksBuildPhase section */
		0CC5EAF61974769000503E68 /* Frameworks */ = {
			isa = PBXFrameworksBuildPhase;
			buildActionMask = 2147483647;
			files = (
				0CC5EB32197480D300503E68 /* AssetsLibrary.framework in Frameworks */,
				0CC5EAFF1974769000503E68 /* CoreGraphics.framework in Frameworks */,
				0CC5EB011974769000503E68 /* UIKit.framework in Frameworks */,
				0CC5EAFD1974769000503E68 /* Foundation.framework in Frameworks */,
			);
			runOnlyForDeploymentPostprocessing = 0;
		};
		0CC5EB171974769100503E68 /* Frameworks */ = {
			isa = PBXFrameworksBuildPhase;
			buildActionMask = 2147483647;
			files = (
				0CC5EB1C1974769100503E68 /* XCTest.framework in Frameworks */,
				0CC5EB1E1974769100503E68 /* UIKit.framework in Frameworks */,
				0CC5EB1D1974769100503E68 /* Foundation.framework in Frameworks */,
			);
			runOnlyForDeploymentPostprocessing = 0;
		};
/* End PBXFrameworksBuildPhase section */

/* Begin PBXGroup section */
		0CC5EAF01974769000503E68 = {
			isa = PBXGroup;
			children = (
				0C75752B1979D881000A216D /* UIImage+Resize.h */,
				0C7575311979DCBE000A216D /* UIImage+RoundedCorner.h */,
				0C7575321979DCBE000A216D /* UIImage+RoundedCorner.m */,
				0C75752C1979D881000A216D /* UIImage+Resize.m */,
				0C75752E1979DC76000A216D /* UIImage+Alpha.h */,
				0C75752F1979DC76000A216D /* UIImage+Alpha.m */,
				0CC5EB021974769100503E68 /* ImagePickerTest */,
				0CC5EB211974769100503E68 /* ImagePickerTestTests */,
				0CC5EAFB1974769000503E68 /* Frameworks */,
				0CC5EAFA1974769000503E68 /* Products */,
			);
			sourceTree = "<group>";
		};
		0CC5EAFA1974769000503E68 /* Products */ = {
			isa = PBXGroup;
			children = (
				0CC5EAF91974769000503E68 /* ImagePickerTest.app */,
				0CC5EB1A1974769100503E68 /* ImagePickerTestTests.xctest */,
			);
			name = Products;
			sourceTree = "<group>";
		};
		0CC5EAFB1974769000503E68 /* Frameworks */ = {
			isa = PBXGroup;
			children = (
				0CC5EB31197480D300503E68 /* AssetsLibrary.framework */,
				0CC5EAFC1974769000503E68 /* Foundation.framework */,
				0CC5EAFE1974769000503E68 /* CoreGraphics.framework */,
				0CC5EB001974769000503E68 /* UIKit.framework */,
				0CC5EB1B1974769100503E68 /* XCTest.framework */,
			);
			name = Frameworks;
			sourceTree = "<group>";
		};
		0CC5EB021974769100503E68 /* ImagePickerTest */ = {
			isa = PBXGroup;
			children = (
				0C757534197D9198000A216D /* JBISourcePicker.h */,
				0C757535197D9198000A216D /* JBISourcePicker.m */,
				0CC5EB0B1974769100503E68 /* JBIAppDelegate.h */,
				0CC5EB0C1974769100503E68 /* JBIAppDelegate.m */,
				0CC5EB0E1974769100503E68 /* Main.storyboard */,
				0CDFC9C119784DAE007C4EA8 /* JBICollectionViewLayout.h */,
				0CDFC9C219784DAE007C4EA8 /* JBICollectionViewLayout.m */,
				0CC5EB33197486D700503E68 /* JBIPhotoCell.h */,
				0CC5EB34197486D700503E68 /* JBIPhotoCell.m */,
				0CC5EB111974769100503E68 /* JBIViewController.h */,
				0CC5EB121974769100503E68 /* JBIViewController.m */,
				0CC5EB141974769100503E68 /* Images.xcassets */,
				0CC5EB031974769100503E68 /* Supporting Files */,
			);
			path = ImagePickerTest;
			sourceTree = "<group>";
		};
		0CC5EB031974769100503E68 /* Supporting Files */ = {
			isa = PBXGroup;
			children = (
				0CC5EB041974769100503E68 /* ImagePickerTest-Info.plist */,
				0CC5EB051974769100503E68 /* InfoPlist.strings */,
				0CC5EB081974769100503E68 /* main.m */,
				0CC5EB0A1974769100503E68 /* ImagePickerTest-Prefix.pch */,
			);
			name = "Supporting Files";
			sourceTree = "<group>";
		};
		0CC5EB211974769100503E68 /* ImagePickerTestTests */ = {
			isa = PBXGroup;
			children = (
				0CC5EB271974769100503E68 /* ImagePickerTestTests.m */,
				0CC5EB221974769100503E68 /* Supporting Files */,
			);
			path = ImagePickerTestTests;
			sourceTree = "<group>";
		};
		0CC5EB221974769100503E68 /* Supporting Files */ = {
			isa = PBXGroup;
			children = (
				0CC5EB231974769100503E68 /* ImagePickerTestTests-Info.plist */,
				0CC5EB241974769100503E68 /* InfoPlist.strings */,
			);
			name = "Supporting Files";
			sourceTree = "<group>";
		};
/* End PBXGroup section */

/* Begin PBXNativeTarget section */
		0CC5EAF81974769000503E68 /* ImagePickerTest */ = {
			isa = PBXNativeTarget;
			buildConfigurationList = 0CC5EB2B1974769100503E68 /* Build configuration list for PBXNativeTarget "ImagePickerTest" */;
			buildPhases = (
				0CC5EAF51974769000503E68 /* Sources */,
				0CC5EAF61974769000503E68 /* Frameworks */,
				0CC5EAF71974769000503E68 /* Resources */,
			);
			buildRules = (
			);
			dependencies = (
			);
			name = ImagePickerTest;
			productName = ImagePickerTest;
			productReference = 0CC5EAF91974769000503E68 /* ImagePickerTest.app */;
			productType = "com.apple.product-type.application";
		};
		0CC5EB191974769100503E68 /* ImagePickerTestTests */ = {
			isa = PBXNativeTarget;
			buildConfigurationList = 0CC5EB2E1974769100503E68 /* Build configuration list for PBXNativeTarget "ImagePickerTestTests" */;
			buildPhases = (
				0CC5EB161974769100503E68 /* Sources */,
				0CC5EB171974769100503E68 /* Frameworks */,
				0CC5EB181974769100503E68 /* Resources */,
			);
			buildRules = (
			);
			dependencies = (
				0CC5EB201974769100503E68 /* PBXTargetDependency */,
			);
			name = ImagePickerTestTests;
			productName = ImagePickerTestTests;
			productReference = 0CC5EB1A1974769100503E68 /* ImagePickerTestTests.xctest */;
			productType = "com.apple.product-type.bundle.unit-test";
		};
/* End PBXNativeTarget section */

/* Begin PBXProject section */
		0CC5EAF11974769000503E68 /* Project object */ = {
			isa = PBXProject;
			attributes = {
				CLASSPREFIX = JBI;
				LastUpgradeCheck = 0510;
				ORGANIZATIONNAME = "Juliana Ivey";
				TargetAttributes = {
					0CC5EB191974769100503E68 = {
						TestTargetID = 0CC5EAF81974769000503E68;
					};
				};
			};
			buildConfigurationList = 0CC5EAF41974769000503E68 /* Build configuration list for PBXProject "ImagePickerTest" */;
			compatibilityVersion = "Xcode 3.2";
			developmentRegion = English;
			hasScannedForEncodings = 0;
			knownRegions = (
				en,
				Base,
			);
			mainGroup = 0CC5EAF01974769000503E68;
			productRefGroup = 0CC5EAFA1974769000503E68 /* Products */;
			projectDirPath = "";
			projectRoot = "";
			targets = (
				0CC5EAF81974769000503E68 /* ImagePickerTest */,
				0CC5EB191974769100503E68 /* ImagePickerTestTests */,
			);
		};
/* End PBXProject section */

/* Begin PBXResourcesBuildPhase section */
		0CC5EAF71974769000503E68 /* Resources */ = {
			isa = PBXResourcesBuildPhase;
			buildActionMask = 2147483647;
			files = (
				0CC5EB151974769100503E68 /* Images.xcassets in Resources */,
				0CC5EB071974769100503E68 /* InfoPlist.strings in Resources */,
				0CC5EB101974769100503E68 /* Main.storyboard in Resources */,
			);
			runOnlyForDeploymentPostprocessing = 0;
		};
		0CC5EB181974769100503E68 /* Resources */ = {
			isa = PBXResourcesBuildPhase;
			buildActionMask = 2147483647;
			files = (
				0CC5EB261974769100503E68 /* InfoPlist.strings in Resources */,
			);
			runOnlyForDeploymentPostprocessing = 0;
		};
/* End PBXResourcesBuildPhase section */

/* Begin PBXSourcesBuildPhase section */
		0CC5EAF51974769000503E68 /* Sources */ = {
			isa = PBXSourcesBuildPhase;
			buildActionMask = 2147483647;
			files = (
				0CDFC9C319784DAE007C4EA8 /* JBICollectionViewLayout.m in Sources */,
				0C7575331979DCBE000A216D /* UIImage+RoundedCorner.m in Sources */,
				0CC5EB35197486D700503E68 /* JBIPhotoCell.m in Sources */,
				0CC5EB0D1974769100503E68 /* JBIAppDelegate.m in Sources */,
				0C7575301979DC76000A216D /* UIImage+Alpha.m in Sources */,
				0C757536197D9198000A216D /* JBISourcePicker.m in Sources */,
				0CC5EB091974769100503E68 /* main.m in Sources */,
				0CC5EB131974769100503E68 /* JBIViewController.m in Sources */,
				0C75752D1979D881000A216D /* UIImage+Resize.m in Sources */,
			);
			runOnlyForDeploymentPostprocessing = 0;
		};
		0CC5EB161974769100503E68 /* Sources */ = {
			isa = PBXSourcesBuildPhase;
			buildActionMask = 2147483647;
			files = (
				0CC5EB281974769100503E68 /* ImagePickerTestTests.m in Sources */,
			);
			runOnlyForDeploymentPostprocessing = 0;
		};
/* End PBXSourcesBuildPhase section */

/* Begin PBXTargetDependency section */
		0CC5EB201974769100503E68 /* PBXTargetDependency */ = {
			isa = PBXTargetDependency;
			target = 0CC5EAF81974769000503E68 /* ImagePickerTest */;
			targetProxy = 0CC5EB1F1974769100503E68 /* PBXContainerItemProxy */;
		};
/* End PBXTargetDependency section */

/* Begin PBXVariantGroup section */
		0CC5EB051974769100503E68 /* InfoPlist.strings */ = {
			isa = PBXVariantGroup;
			children = (
				0CC5EB061974769100503E68 /* en */,
			);
			name = InfoPlist.strings;
			sourceTree = "<group>";
		};
		0CC5EB0E1974769100503E68 /* Main.storyboard */ = {
			isa = PBXVariantGroup;
			children = (
				0CC5EB0F1974769100503E68 /* Base */,
			);
			name = Main.storyboard;
			sourceTree = "<group>";
		};
		0CC5EB241974769100503E68 /* InfoPlist.strings */ = {
			isa = PBXVariantGroup;
			children = (
				0CC5EB251974769100503E68 /* en */,
			);
			name = InfoPlist.strings;
			sourceTree = "<group>";
		};
/* End PBXVariantGroup section */

/* Begin XCBuildConfiguration section */
		0CC5EB291974769100503E68 /* Debug */ = {
			isa = XCBuildConfiguration;
			buildSettings = {
				ALWAYS_SEARCH_USER_PATHS = NO;
				CLANG_CXX_LANGUAGE_STANDARD = "gnu++0x";
				CLANG_CXX_LIBRARY = "libc++";
				CLANG_ENABLE_MODULES = YES;
				CLANG_ENABLE_OBJC_ARC = YES;
				CLANG_WARN_BOOL_CONVERSION = YES;
				CLANG_WARN_CONSTANT_CONVERSION = YES;
				CLANG_WARN_DIRECT_OBJC_ISA_USAGE = YES_ERROR;
				CLANG_WARN_EMPTY_BODY = YES;
				CLANG_WARN_ENUM_CONVERSION = YES;
				CLANG_WARN_INT_CONVERSION = YES;
				CLANG_WARN_OBJC_ROOT_CLASS = YES_ERROR;
				CLANG_WARN__DUPLICATE_METHOD_MATCH = YES;
				CODE_SIGN_IDENTITY = "";
				"CODE_SIGN_IDENTITY[sdk=iphoneos*]" = "iPhone Developer";
				COPY_PHASE_STRIP = NO;
				GCC_C_LANGUAGE_STANDARD = gnu99;
				GCC_DYNAMIC_NO_PIC = NO;
				GCC_OPTIMIZATION_LEVEL = 0;
				GCC_PREPROCESSOR_DEFINITIONS = (
					"DEBUG=1",
					"$(inherited)",
				);
				GCC_SYMBOLS_PRIVATE_EXTERN = NO;
				GCC_WARN_64_TO_32_BIT_CONVERSION = YES;
				GCC_WARN_ABOUT_RETURN_TYPE = YES_ERROR;
				GCC_WARN_UNDECLARED_SELECTOR = YES;
				GCC_WARN_UNINITIALIZED_AUTOS = YES_AGGRESSIVE;
				GCC_WARN_UNUSED_FUNCTION = YES;
				GCC_WARN_UNUSED_VARIABLE = YES;
				IPHONEOS_DEPLOYMENT_TARGET = 7.1;
				ONLY_ACTIVE_ARCH = YES;
				SDKROOT = iphoneos7.1;
			};
			name = Debug;
		};
		0CC5EB2A1974769100503E68 /* Release */ = {
			isa = XCBuildConfiguration;
			buildSettings = {
				ALWAYS_SEARCH_USER_PATHS = NO;
				CLANG_CXX_LANGUAGE_STANDARD = "gnu++0x";
				CLANG_CXX_LIBRARY = "libc++";
				CLANG_ENABLE_MODULES = YES;
				CLANG_ENABLE_OBJC_ARC = YES;
				CLANG_WARN_BOOL_CONVERSION = YES;
				CLANG_WARN_CONSTANT_CONVERSION = YES;
				CLANG_WARN_DIRECT_OBJC_ISA_USAGE = YES_ERROR;
				CLANG_WARN_EMPTY_BODY = YES;
				CLANG_WARN_ENUM_CONVERSION = YES;
				CLANG_WARN_INT_CONVERSION = YES;
				CLANG_WARN_OBJC_ROOT_CLASS = YES_ERROR;
				CLANG_WARN__DUPLICATE_METHOD_MATCH = YES;
				CODE_SIGN_IDENTITY = "";
				"CODE_SIGN_IDENTITY[sdk=iphoneos*]" = "iPhone Developer";
				COPY_PHASE_STRIP = YES;
				ENABLE_NS_ASSERTIONS = NO;
				GCC_C_LANGUAGE_STANDARD = gnu99;
				GCC_WARN_64_TO_32_BIT_CONVERSION = YES;
				GCC_WARN_ABOUT_RETURN_TYPE = YES_ERROR;
				GCC_WARN_UNDECLARED_SELECTOR = YES;
				GCC_WARN_UNINITIALIZED_AUTOS = YES_AGGRESSIVE;
				GCC_WARN_UNUSED_FUNCTION = YES;
				GCC_WARN_UNUSED_VARIABLE = YES;
				IPHONEOS_DEPLOYMENT_TARGET = 7.1;
				SDKROOT = iphoneos7.1;
				VALIDATE_PRODUCT = YES;
			};
			name = Release;
		};
		0CC5EB2C1974769100503E68 /* Debug */ = {
			isa = XCBuildConfiguration;
			buildSettings = {
				ASSETCATALOG_COMPILER_APPICON_NAME = AppIcon;
				ASSETCATALOG_COMPILER_LAUNCHIMAGE_NAME = LaunchImage;
				GCC_PRECOMPILE_PREFIX_HEADER = YES;
				GCC_PREFIX_HEADER = "ImagePickerTest/ImagePickerTest-Prefix.pch";
				INFOPLIST_FILE = "ImagePickerTest/ImagePickerTest-Info.plist";
				IPHONEOS_DEPLOYMENT_TARGET = 7.1;
				PRODUCT_NAME = "$(TARGET_NAME)";
				TARGETED_DEVICE_FAMILY = 1;
				WRAPPER_EXTENSION = app;
			};
			name = Debug;
		};
		0CC5EB2D1974769100503E68 /* Release */ = {
			isa = XCBuildConfiguration;
			buildSettings = {
				ASSETCATALOG_COMPILER_APPICON_NAME = AppIcon;
				ASSETCATALOG_COMPILER_LAUNCHIMAGE_NAME = LaunchImage;
				GCC_PRECOMPILE_PREFIX_HEADER = YES;
				GCC_PREFIX_HEADER = "ImagePickerTest/ImagePickerTest-Prefix.pch";
				INFOPLIST_FILE = "ImagePickerTest/ImagePickerTest-Info.plist";
				IPHONEOS_DEPLOYMENT_TARGET = 7.1;
				PRODUCT_NAME = "$(TARGET_NAME)";
				TARGETED_DEVICE_FAMILY = 1;
				WRAPPER_EXTENSION = app;
			};
			name = Release;
		};
		0CC5EB2F1974769100503E68 /* Debug */ = {
			isa = XCBuildConfiguration;
			buildSettings = {
				BUNDLE_LOADER = "$(BUILT_PRODUCTS_DIR)/ImagePickerTest.app/ImagePickerTest";
				FRAMEWORK_SEARCH_PATHS = (
					"$(SDKROOT)/Developer/Library/Frameworks",
					"$(inherited)",
					"$(DEVELOPER_FRAMEWORKS_DIR)",
				);
				GCC_PRECOMPILE_PREFIX_HEADER = YES;
				GCC_PREFIX_HEADER = "ImagePickerTest/ImagePickerTest-Prefix.pch";
				GCC_PREPROCESSOR_DEFINITIONS = (
					"DEBUG=1",
					"$(inherited)",
				);
				INFOPLIST_FILE = "ImagePickerTestTests/ImagePickerTestTests-Info.plist";
				PRODUCT_NAME = "$(TARGET_NAME)";
				TEST_HOST = "$(BUNDLE_LOADER)";
				WRAPPER_EXTENSION = xctest;
			};
			name = Debug;
		};
		0CC5EB301974769100503E68 /* Release */ = {
			isa = XCBuildConfiguration;
			buildSettings = {
				BUNDLE_LOADER = "$(BUILT_PRODUCTS_DIR)/ImagePickerTest.app/ImagePickerTest";
				FRAMEWORK_SEARCH_PATHS = (
					"$(SDKROOT)/Developer/Library/Frameworks",
					"$(inherited)",
					"$(DEVELOPER_FRAMEWORKS_DIR)",
				);
				GCC_PRECOMPILE_PREFIX_HEADER = YES;
				GCC_PREFIX_HEADER = "ImagePickerTest/ImagePickerTest-Prefix.pch";
				INFOPLIST_FILE = "ImagePickerTestTests/ImagePickerTestTests-Info.plist";
				PRODUCT_NAME = "$(TARGET_NAME)";
				TEST_HOST = "$(BUNDLE_LOADER)";
				WRAPPER_EXTENSION = xctest;
			};
			name = Release;
		};
/* End XCBuildConfiguration section */

/* Begin XCConfigurationList section */
		0CC5EAF41974769000503E68 /* Build configuration list for PBXProject "ImagePickerTest" */ = {
			isa = XCConfigurationList;
			buildConfigurations = (
				0CC5EB291974769100503E68 /* Debug */,
				0CC5EB2A1974769100503E68 /* Release */,
			);
			defaultConfigurationIsVisible = 0;
			defaultConfigurationName = Release;
		};
		0CC5EB2B1974769100503E68 /* Build configuration list for PBXNativeTarget "ImagePickerTest" */ = {
			isa = XCConfigurationList;
			buildConfigurations = (
				0CC5EB2C1974769100503E68 /* Debug */,
				0CC5EB2D1974769100503E68 /* Release */,
			);
			defaultConfigurationIsVisible = 0;
			defaultConfigurationName = Release;
		};
		0CC5EB2E1974769100503E68 /* Build configuration list for PBXNativeTarget "ImagePickerTestTests" */ = {
			isa = XCConfigurationList;
			buildConfigurations = (
				0CC5EB2F1974769100503E68 /* Debug */,
				0CC5EB301974769100503E68 /* Release */,
			);
			defaultConfigurationIsVisible = 0;
			defaultConfigurationName = Release;
		};
/* End XCConfigurationList section */
	};
	rootObject = 0CC5EAF11974769000503E68 /* Project object */;
}
